
Microsoft Visual Studio Solution File, Format Version 12.00
# Visual Studio Version 17
VisualStudioVersion = 17.10.35004.147
MinimumVisualStudioVersion = 10.0.40219.1
Project("{FAE04EC0-301F-11D3-BF4B-00C04F79EFBC}") = "Concepta", "Concepta.csproj", "{8472C470-0AFD-457E-881E-2366C6B362E9}"
EndProject
Global
	GlobalSection(SolutionConfigurationPlatforms) = preSolution
		Debug|Any CPU = Debug|Any CPU
		Release|Any CPU = Release|Any CPU
	EndGlobalSection
	GlobalSection(ProjectConfigurationPlatforms) = postSolution
		{8472C470-0AFD-457E-881E-2366C6B362E9}.Debug|Any CPU.ActiveCfg = Debug|Any CPU
		{8472C470-0AFD-457E-881E-2366C6B362E9}.Debug|Any CPU.Build.0 = Debug|Any CPU
		{8472C470-0AFD-457E-881E-2366C6B362E9}.Release|Any CPU.ActiveCfg = Release|Any CPU
		{8472C470-0AFD-457E-881E-2366C6B362E9}.Release|Any CPU.Build.0 = Release|Any CPU
	EndGlobalSection
	GlobalSection(SolutionProperties) = preSolution
		HideSolutionNode = FALSE
	EndGlobalSection
	GlobalSection(ExtensibilityGlobals) = postSolution
		SolutionGuid = {B0585341-B932-4742-A54A-FFB221AA1E86}
	EndGlobalSection
EndGlobal
